# This file is generated by `zrail update`; do not edit by hand.
schema = 2
semantics = 3
producer = "0.0.3-rc.4"
contract_sha256 = "5fcf2e749c78ff5c4d20785050032c014c6e2b5dedfef6c56af9d74c76e006bf"

[analysis]
inventory_sha256 = "089a30828a2d2589ebdc5594b783dca0dfbce5a79358f85caac9d8f2ae8c1cc5"
exclusions_sha256 = "e3b0c44298fc1c149afbf4c8996fb92427ae41e4649b934ca495991b7852b855"
cargo_lock_sha256 = "2d81793d1942bfa0dd24f8e6ad0e2e1d26b9aef2a5513efde45e9da6ec27d3cb"
packages = 2
targets = 18
physical_rust_files = 105
base_source_contexts = 183
derived_source_contexts = 0
source_facts = 26450
projection_queries = 0
projected_facts = 0
unresolved_bindings = 0
analyzer_semantics = 3

[[analysis.contract_source]]
path = "zrail.toml"
sha256 = "d84f5c0a71088d041c1a1e533f4c777d1883991abfa9944eac63b735b2c9b94c"

[[package]]
name = "zio"

[[package.dependency]]
alias = "allocation-counter"
name = "allocation-counter"
crate_root = "allocation_counter"
kind = "development"
scope = "external"
target = 'cfg(any(target_os = "linux", target_os = "macos", target_os = "freebsd", target_os = "netbsd"))'
optional = false
default_features = true

[package.dependency.source]
kind = "registry"
requirement = "=0.8.1"

[[package.dependency]]
alias = "libc"
name = "libc"
crate_root = "libc"
kind = "normal"
scope = "external"
target = 'cfg(any(target_os = "linux", target_os = "macos", target_os = "freebsd", target_os = "netbsd"))'
optional = false
default_features = true

[package.dependency.source]
kind = "registry"
requirement = "0.2.189"

[[package.dependency]]
alias = "mio"
name = "mio"
crate_root = "mio"
kind = "development"
scope = "external"
target = 'cfg(any(target_os = "linux", target_os = "macos", target_os = "freebsd", target_os = "netbsd"))'
optional = false
default_features = false
features = [
    "os-ext",
    "os-poll",
]

[package.dependency.source]
kind = "registry"
requirement = "1.2.2"

[[package.dependency]]
alias = "socket2"
name = "socket2"
crate_root = "socket2"
kind = "development"
scope = "external"
target = 'cfg(any(target_os = "linux", target_os = "macos", target_os = "freebsd", target_os = "netbsd"))'
optional = false
default_features = true

[package.dependency.source]
kind = "registry"
requirement = "=0.6.5"

[[package]]
name = "zio-testkit"

[[package.dependency]]
alias = "zio"
name = "zio"
crate_root = "zio"
kind = "normal"
scope = "internal"
optional = false
default_features = false
features = ["test-support"]

[package.dependency.source]
kind = "workspace-member"
directory = "."
requirement = "=0.0.1-dev.1"

[[gate]]
name = "check"
path = "zcheck.toml"
sha256 = "25271000351d1560ece2d86cf7cc71058853c3c064ed7b8797e69c77dc21d97b"

[[gate.input]]
path = ".editorconfig"
sha256 = "5923918db86138af45aa8c3fb22d6e53dea39614d5425126f62040426df2351c"

[[gate.input]]
path = ".gitattributes"
sha256 = "6336437f8ec8efdbe54c8304c75909c7db40c0b0a2d3e43a1af0426eb6cd3a90"

[[gate.input]]
path = ".github/workflows/ci.yml"
sha256 = "7ad59ea714ef63cb298bfc4aef17b784a454e22e6900fc969871f3bcc6d92e5f"

[[gate.input]]
path = ".gitignore"
sha256 = "dfd7abfe8fa7859a53b32cbb5da32f1fbe0f969d0df6c818878573b73d4e690d"

[[gate.input]]
path = "Cargo.lock"
sha256 = "2d81793d1942bfa0dd24f8e6ad0e2e1d26b9aef2a5513efde45e9da6ec27d3cb"

[[gate.input]]
path = "Cargo.toml"
sha256 = "ff3e1a4623074de4c3d180c18508e3922eda9efde3aea47c7d8a4d24d86f8542"

[[gate.input]]
path = "LICENSE"
sha256 = "c71d239df91726fc519c6eb72d318ec65820627232b2f796219e87dcf35d0ab4"

[[gate.input]]
path = "README.md"
sha256 = "5f31fba121aa1fc323a5a4f8bf5c146b4e99b6566b9e7c517c4fa2f67c81195a"

[[gate.input]]
path = "clippy.toml"
sha256 = "d14d2103913f0a4e9381942c85baf1bd6fc8d484fea01b5ea037e2846db754ce"

[[gate.input]]
path = "crates/zio-testkit/Cargo.toml"
sha256 = "5229cf64ee5757245471bee57d65eaf1816c10fdfdcedca63fec550ca534452a"

[[gate.input]]
path = "crates/zio-testkit/README.md"
sha256 = "71465a17a993ef11e66dc31577c0065ab257f95c299e4b6e8dc5efaa09d2ae1d"

[[gate.input]]
path = "docs/contracts.md"
sha256 = "1cedc355f1a6d3d90b36fc757e26d852c1b7ba840d91044f5bee8a07b6ecaf37"

[[gate.input]]
path = "docs/qualification.md"
sha256 = "b2c05b8cac4f901f7b0dc616b1768845c7203a0f88da455d4142c6d0be0adf69"

[[gate.input]]
path = "rust-toolchain.toml"
sha256 = "279d77167cec5426fa80f457cd066dc74a360fbe4e2816f4f3fa01487a918fdc"

[[gate.input]]
path = "rustfmt.toml"
sha256 = "45e07033c8cd89ed400ee4e96ec608e338e89822233abd6e56c85040ece66520"

[[gate.input]]
path = "zio-logo.svg"
sha256 = "e63c2cd05f6e85cfa28391cc966a29530ec95f038e85f10707ea4df1fb94e390"

[[gate]]
name = "ci"
path = ".github/workflows/ci.yml"
sha256 = "7ad59ea714ef63cb298bfc4aef17b784a454e22e6900fc969871f3bcc6d92e5f"

[[gate.input]]
path = "rust-toolchain.toml"
sha256 = "279d77167cec5426fa80f457cd066dc74a360fbe4e2816f4f3fa01487a918fdc"

[[gate.input]]
path = "zcheck.toml"
sha256 = "25271000351d1560ece2d86cf7cc71058853c3c064ed7b8797e69c77dc21d97b"

[[ratchet]]
rule = "rust.hygiene.unsafe"
target = "src/sys/kqueue_group/kqueue.rs"
value = 7

[[ratchet]]
rule = "rust.hygiene.unsafe"
target = "src/sys/linux_group/epoll.rs"
value = 5

[[ratchet]]
rule = "rust.hygiene.unsafe"
target = "src/sys/linux_group/eventfd.rs"
value = 4
