# This file is generated by `zrail update`; do not edit by hand.
schema = 2
semantics = 3
producer = "0.0.3-rc.4"
contract_sha256 = "75f559d4dc950c26bf0be4957cf9ec7c61c273804e4517a3c404373f9cfa6199"

[analysis]
inventory_sha256 = "09acdb1cc08c550d8d35a4f4cf48dfc37f172282c0117229ff9ba8d840d378b2"
exclusions_sha256 = "e3b0c44298fc1c149afbf4c8996fb92427ae41e4649b934ca495991b7852b855"
cargo_lock_sha256 = "c57d02582afe8069129844f4f07aa867b3a1a9391d77b4be4e5ca0013a6d1687"
packages = 3
targets = 50
physical_rust_files = 302
base_source_contexts = 504
derived_source_contexts = 0
source_facts = 90355
projection_queries = 0
projected_facts = 0
unresolved_bindings = 0
analyzer_semantics = 3

[[analysis.contract_source]]
path = "zrail.toml"
sha256 = "666fcbc757246033ecfb58797daf87893109478732e7dc11f5116be918671523"

[[package]]
name = "zio"

[[package.dependency]]
alias = "allocation-counter"
name = "allocation-counter"
crate_root = "allocation_counter"
kind = "development"
scope = "external"
target = 'cfg(any(target_os = "linux", target_os = "macos", target_os = "freebsd", target_os = "netbsd"))'
optional = false
default_features = true

[package.dependency.source]
kind = "registry"
requirement = "=0.8.1"

[[package.dependency]]
alias = "libc"
name = "libc"
crate_root = "libc"
kind = "normal"
scope = "external"
target = 'cfg(any(target_os = "linux", target_os = "macos", target_os = "freebsd", target_os = "netbsd"))'
optional = false
default_features = true

[package.dependency.source]
kind = "registry"
requirement = "0.2.189"

[[package.dependency]]
alias = "mio"
name = "mio"
crate_root = "mio"
kind = "development"
scope = "external"
target = 'cfg(any(target_os = "linux", target_os = "macos", target_os = "freebsd", target_os = "netbsd"))'
optional = false
default_features = false
features = [
    "os-ext",
    "os-poll",
]

[package.dependency.source]
kind = "registry"
requirement = "=1.2.2"

[[package.dependency]]
alias = "rustix"
name = "rustix"
kind = "normal"
scope = "external"
target = 'cfg(target_os = "linux")'
optional = false
default_features = false
features = [
    "event",
    "std",
]

[package.dependency.source]
kind = "registry"
requirement = "1.1.4"

[[package.dependency]]
alias = "socket2"
name = "socket2"
crate_root = "socket2"
kind = "development"
scope = "external"
target = 'cfg(any(target_os = "linux", target_os = "macos", target_os = "freebsd", target_os = "netbsd"))'
optional = false
default_features = true

[package.dependency.source]
kind = "registry"
requirement = "=0.6.5"

[[package]]
name = "zio-qualify"

[[package.dependency]]
alias = "allocation-counter"
name = "allocation-counter"
crate_root = "allocation_counter"
kind = "normal"
scope = "external"
optional = true
default_features = true

[package.dependency.source]
kind = "registry"
requirement = "=0.8.1"

[[package.dependency]]
alias = "mio"
name = "mio"
crate_root = "mio"
kind = "normal"
scope = "external"
optional = false
default_features = false
features = [
    "os-ext",
    "os-poll",
]

[package.dependency.source]
kind = "registry"
requirement = "=1.2.2"

[[package.dependency]]
alias = "polling"
name = "polling"
crate_root = "polling"
kind = "normal"
scope = "external"
optional = false
default_features = false

[package.dependency.source]
kind = "registry"
requirement = "=3.11.0"

[[package.dependency]]
alias = "zio"
name = "zio"
crate_root = "zio"
kind = "normal"
scope = "internal"
optional = false
default_features = true

[package.dependency.source]
kind = "workspace-member"
directory = "."
requirement = "=0.0.1-dev.1"

[[package]]
name = "zio-testkit"

[[package.dependency]]
alias = "zio"
name = "zio"
crate_root = "zio"
kind = "normal"
scope = "internal"
optional = false
default_features = false
features = ["unstable-test-support"]

[package.dependency.source]
kind = "workspace-member"
directory = "."
requirement = "=0.0.1-dev.1"

[[gate]]
name = "check"
path = "zcheck.toml"
sha256 = "55f88080217154367c8361b296354b709ac49c9ef48e7858fb6f329c5ad967cf"

[[gate.input]]
path = ".editorconfig"
sha256 = "5923918db86138af45aa8c3fb22d6e53dea39614d5425126f62040426df2351c"

[[gate.input]]
path = ".gitattributes"
sha256 = "6336437f8ec8efdbe54c8304c75909c7db40c0b0a2d3e43a1af0426eb6cd3a90"

[[gate.input]]
path = ".github/workflows/ci.yml"
sha256 = "7553656711eb7a02b3a51a175936581111466987583382c7b728aa6c64a659b8"

[[gate.input]]
path = ".gitignore"
sha256 = "dfd7abfe8fa7859a53b32cbb5da32f1fbe0f969d0df6c818878573b73d4e690d"

[[gate.input]]
path = "CHANGELOG.md"
sha256 = "1cac86078911a0195d23cc9c49c7830b0d9d81a27c6725f5dc4a68c0ce95eb98"

[[gate.input]]
path = "CONTRIBUTING.md"
sha256 = "fa6b23d43ed55a8304b9fc0497eb007b86ef6d3be281fd65298e9c3a67bed2c7"

[[gate.input]]
path = "Cargo.lock"
sha256 = "c57d02582afe8069129844f4f07aa867b3a1a9391d77b4be4e5ca0013a6d1687"

[[gate.input]]
path = "Cargo.toml"
sha256 = "74f9580d81038835fbbb26d16f4d6310861a991368985c37873c2dcd5da3f6bf"

[[gate.input]]
path = "LICENSE"
sha256 = "c71d239df91726fc519c6eb72d318ec65820627232b2f796219e87dcf35d0ab4"

[[gate.input]]
path = "README.md"
sha256 = "b0007d4eb4e796987c090f61e1ee38548c7ea0b3f53fef4459c213a6d88f1294"

[[gate.input]]
path = "SECURITY.md"
sha256 = "de6c81f15f5acf18efc4b6b0ce9567048d05a0e2948e6faa0090d2b43af5bda8"

[[gate.input]]
path = "clippy.toml"
sha256 = "d14d2103913f0a4e9381942c85baf1bd6fc8d484fea01b5ea037e2846db754ce"

[[gate.input]]
path = "crates/zio-qualify/Cargo.toml"
sha256 = "a5ab70f18873919acb8f94c68fe8a869584a5b3b4b8f1c8d425298c194886f39"

[[gate.input]]
path = "crates/zio-qualify/README.md"
sha256 = "320f947d27ebec5a0c5d65c86ac9bf8c8f7edfb47b52660da6deeff6bba6eebf"

[[gate.input]]
path = "crates/zio-qualify/perf-catalog.json"
sha256 = "ba7d9d7f1792ee070b4d20a323f0deee5ed9533594ec08cfc6a585a67ed68492"

[[gate.input]]
path = "crates/zio-testkit/Cargo.toml"
sha256 = "5229cf64ee5757245471bee57d65eaf1816c10fdfdcedca63fec550ca534452a"

[[gate.input]]
path = "crates/zio-testkit/README.md"
sha256 = "2a4b286bea1a4a7ccba09cfcdc7855595f2a7092f519d440f745e4e7f97ef067"

[[gate.input]]
path = "docs/contracts.md"
sha256 = "e7cb19961a471102e86f9f17c82d836c0f1c644c7cab2b7a51e7e9ea6ab0a721"

[[gate.input]]
path = "docs/performance.md"
sha256 = "31025978a59ae3461c8b6956dcd2c790ae44e56f5ae5a8e40d9955e57b3712b1"

[[gate.input]]
path = "docs/qualification.md"
sha256 = "3214f65cfbb3aae0249420031e40db559eb840732a9a1251f56070987a03248c"

[[gate.input]]
path = "examples/borrowed.md"
sha256 = "200a1235e2bd6fe211366c95705baf5983f71d4dcdee62064b39f224928b669c"

[[gate.input]]
path = "examples/level.rs"
sha256 = "0e3d965fd68552335ae2922af0320f9e11f2f269bd0bef4e3bb9b69b2d874437"

[[gate.input]]
path = "examples/nested.md"
sha256 = "33e246c81f3e5a2cd9b90837a2be5920630d076a1f72151aa5e1b2f27ccb16d0"

[[gate.input]]
path = "examples/one_shot.rs"
sha256 = "e665117737e7df8b7373ea55d5ea9140779369d88ab8953e2204790b01eeb7c2"

[[gate.input]]
path = "examples/owned.rs"
sha256 = "35ede2dcd71296cf317de82d1a05813f90e924867cca0d453251e64ecaf10d9f"

[[gate.input]]
path = "examples/recovery.rs"
sha256 = "90181b7fb3e1a943086206317de6d1c8a821efa738b3342150b1fd76de7cac71"

[[gate.input]]
path = "rust-toolchain.toml"
sha256 = "279d77167cec5426fa80f457cd066dc74a360fbe4e2816f4f3fa01487a918fdc"

[[gate.input]]
path = "rustfmt.toml"
sha256 = "45e07033c8cd89ed400ee4e96ec608e338e89822233abd6e56c85040ece66520"

[[gate.input]]
path = "scripts/check-api-evolution"
sha256 = "2fea40c694da2904de16646c614323c1d11795a5c50f784ff8cd76eba3992d3c"

[[gate.input]]
path = "scripts/qualify-1.0"
sha256 = "53f5501d4b08637d3ccaab835b7b2bfa94232f4aaa4878d37dbabb31adeeae9b"

[[gate.input]]
path = "scripts/record-performance-qualification"
sha256 = "dc440b1c64b2a71da1dee34dcc8be1cddf84fb7ce5fdaf14275405f88b406231"

[[gate.input]]
path = "scripts/rehearse-release"
sha256 = "6b2b19f858bbc10a66d17fbeb127df73e172ede2652719e2939a3974ce1349fa"

[[gate.input]]
path = "scripts/test-qualify-1.0"
sha256 = "b6874bce7f274359c529aa481c4ad6cb696387ae5867bcda9ec49df4c2400e14"

[[gate.input]]
path = "zio-logo.svg"
sha256 = "047ed32cff451b7a58ffc5ee6b8548a0ac8e4d35399cb537f11e8f7a3e8faccb"

[[gate]]
name = "ci"
path = ".github/workflows/ci.yml"
sha256 = "7553656711eb7a02b3a51a175936581111466987583382c7b728aa6c64a659b8"

[[gate.input]]
path = "rust-toolchain.toml"
sha256 = "279d77167cec5426fa80f457cd066dc74a360fbe4e2816f4f3fa01487a918fdc"

[[gate.input]]
path = "zcheck.toml"
sha256 = "55f88080217154367c8361b296354b709ac49c9ef48e7858fb6f329c5ad967cf"

[[gate]]
name = "performance"
path = ".github/workflows/performance.yml"
sha256 = "464e20210b960861d4d9579bcee99c3f8859f8826cda42b1de8e3aa7777bb502"

[[gate.input]]
path = "Cargo.lock"
sha256 = "c57d02582afe8069129844f4f07aa867b3a1a9391d77b4be4e5ca0013a6d1687"

[[gate.input]]
path = "Cargo.toml"
sha256 = "74f9580d81038835fbbb26d16f4d6310861a991368985c37873c2dcd5da3f6bf"

[[gate.input]]
path = "crates/zio-qualify/Cargo.toml"
sha256 = "a5ab70f18873919acb8f94c68fe8a869584a5b3b4b8f1c8d425298c194886f39"

[[gate.input]]
path = "crates/zio-qualify/README.md"
sha256 = "320f947d27ebec5a0c5d65c86ac9bf8c8f7edfb47b52660da6deeff6bba6eebf"

[[gate.input]]
path = "crates/zio-qualify/perf-catalog.json"
sha256 = "ba7d9d7f1792ee070b4d20a323f0deee5ed9533594ec08cfc6a585a67ed68492"

[[gate.input]]
path = "crates/zio-qualify/src/benchmark.rs"
sha256 = "1acdc68198d1289dfae409dba0d495380e785c8545b3b98aa60a00e9d9ce8264"

[[gate.input]]
path = "crates/zio-qualify/src/benchmark/backend.rs"
sha256 = "b3019f757e654035b054e6d85282dbe2e97eabd36a92dc06fc609dbc8d89958e"

[[gate.input]]
path = "crates/zio-qualify/src/benchmark/calibration.rs"
sha256 = "ff4989e80b9f1cab284e842c22d3e5ee5980eb1c5149679f6f9a74a74c44dac4"

[[gate.input]]
path = "crates/zio-qualify/src/benchmark/calibration_test.rs"
sha256 = "27df0636c9f5c2d1c9b2855fe8de402f52598481359a86d1d853c7c207ca6941"

[[gate.input]]
path = "crates/zio-qualify/src/benchmark/candidate_bench.rs"
sha256 = "4d815c317ec5ab3eb4622b3927a3862ca0424ce23a5bf080d7e1f069125a605d"

[[gate.input]]
path = "crates/zio-qualify/src/benchmark/config.rs"
sha256 = "7bd1edcb85f6cec0b538368ff7b73a7977c8290960bc6554ef0b937f2cf4b025"

[[gate.input]]
path = "crates/zio-qualify/src/benchmark/config_help.rs"
sha256 = "dddebd90a2e8413bd6ce1bd45fffdeb58563f8fbee9eecd886f17a30fabd6b4e"

[[gate.input]]
path = "crates/zio-qualify/src/benchmark/config_parse.rs"
sha256 = "7bd0ea0f524d5fdc8a0c8ed5cdd77de29e066819d579fb5770c7c21f01af9c2c"

[[gate.input]]
path = "crates/zio-qualify/src/benchmark/config_test.rs"
sha256 = "9d17772353d177f6737a3503cbe1e3f990367c67d4552dca160598bee57431b4"

[[gate.input]]
path = "crates/zio-qualify/src/benchmark/json.rs"
sha256 = "1b2f9c23498f8b52bc686234fd8f3f63be39d1c5b39be95580f5bceb423a55d1"

[[gate.input]]
path = "crates/zio-qualify/src/benchmark/json_test.rs"
sha256 = "8e0c886fa717326b1b434db2e23c6e60ee1d878c75a4d0cbfc039a2d02f010ad"

[[gate.input]]
path = "crates/zio-qualify/src/benchmark/kqueue_skew.rs"
sha256 = "0a9ec79919d20d74f7ccac5eb14adadd8547ec48787491ec6b323a9f9b5f44da"

[[gate.input]]
path = "crates/zio-qualify/src/benchmark/kqueue_skew/config.rs"
sha256 = "8e0524a615abd3e71952269295cc7cbbf83eb2b4184a8ea4e138077ff6f05e3e"

[[gate.input]]
path = "crates/zio-qualify/src/benchmark/kqueue_skew/config_test.rs"
sha256 = "b0512173e51e8b8cd2279bb6736994146f9963746170e490a57c65c94858d079"

[[gate.input]]
path = "crates/zio-qualify/src/benchmark/kqueue_skew/fixture.rs"
sha256 = "c8bdb887b63fce234888e4b405ab27d000c0ae651c426a9d7e3ce99278e915de"

[[gate.input]]
path = "crates/zio-qualify/src/benchmark/kqueue_skew/model.rs"
sha256 = "9135995bac842bd259d7fd02064c7a88e691106fd4c439170c804bdf6fe9c4e6"

[[gate.input]]
path = "crates/zio-qualify/src/benchmark/kqueue_skew/receipt.rs"
sha256 = "6410ac3e5913f5c3beaeea3ce895876276a6adad4c44659bab5dce0c7b93df4a"

[[gate.input]]
path = "crates/zio-qualify/src/benchmark/kqueue_skew/receipt_test.rs"
sha256 = "ddb15d44920b9d5255fa111db79d1a441d5312d0fc10e8fb1ada1c090cb2010b"

[[gate.input]]
path = "crates/zio-qualify/src/benchmark/kqueue_skew/resource.rs"
sha256 = "6479cdc74bb85a800df89b3e216000b0c7eb7465fd8f783bdbbc7730eccf5cfa"

[[gate.input]]
path = "crates/zio-qualify/src/benchmark/kqueue_skew/runner.rs"
sha256 = "3331fca12ba7152ee772db2f396f4024deb0bed755ee21b46777b4687375cc90"

[[gate.input]]
path = "crates/zio-qualify/src/benchmark/lifecycle_workload.rs"
sha256 = "5e02e2392ea26d1037c70e146733a3ffcdb6e59bfe8ff80f0561b1bce88c3260"

[[gate.input]]
path = "crates/zio-qualify/src/benchmark/measure.rs"
sha256 = "320d1df5f70655ced9188a1520120856ec171933282244330b79f98e8c926b1e"

[[gate.input]]
path = "crates/zio-qualify/src/benchmark/measure_test.rs"
sha256 = "f6702f06f369a387c1d755ba8918809aba1900ace2a92bbb3a2b47d8780886f0"

[[gate.input]]
path = "crates/zio-qualify/src/benchmark/metadata.rs"
sha256 = "7ab3668b0a0fd953540fd5a9ba7d51230488c5eccd1036c980a37e76d1cfd524"

[[gate.input]]
path = "crates/zio-qualify/src/benchmark/mio_backend.rs"
sha256 = "bbabcce95afda11a10fe7e992cd779dc1346c4c1f2e0a849bccb03cacd38ede8"

[[gate.input]]
path = "crates/zio-qualify/src/benchmark/persistent_workload.rs"
sha256 = "3a44b775eb7fc5e5f1beff5ae5adc392a3918b96ce6716113433eaf9c83725a0"

[[gate.input]]
path = "crates/zio-qualify/src/benchmark/polling_backend.rs"
sha256 = "c4fa3cafa91cbbbf6029500fd219eff05a771568d246c81ad42ccf10f2c6856c"

[[gate.input]]
path = "crates/zio-qualify/src/benchmark/polling_direct.rs"
sha256 = "bb37f6a4ba2f331b1ef6359cb53695d11c9e7dce0370d97cbfe7d9b252640997"

[[gate.input]]
path = "crates/zio-qualify/src/benchmark/polling_lifecycle.rs"
sha256 = "6f977c8d3d29e88069960145cad8cf4f65318552d2eeb95ccf81e2360b04881e"

[[gate.input]]
path = "crates/zio-qualify/src/benchmark/profile_workload.rs"
sha256 = "b812f533009ab60d40834be070b32e830a546b61551df6cd5eeff024e3099958"

[[gate.input]]
path = "crates/zio-qualify/src/benchmark/ready_workload.rs"
sha256 = "c3eb65aab3ccf3a4b98eca35f0990fec6bc1bd0ca7b22ec113048a07bd8569e3"

[[gate.input]]
path = "crates/zio-qualify/src/benchmark/receipt.rs"
sha256 = "a423117040cf012a25eb29dcd21316777c8045e3972ebf5ad0bde12cb05aab50"

[[gate.input]]
path = "crates/zio-qualify/src/benchmark/receipt_allocation.rs"
sha256 = "11a0f3022c0f9ac4384f4ec671c1de838f4b70e3371a64e158d33d5d929ae7a7"

[[gate.input]]
path = "crates/zio-qualify/src/benchmark/receipt_calibration.rs"
sha256 = "7317929dfe2d54fe04e009114624cec74e3f9979de4cb7e892caf3bb0632e48b"

[[gate.input]]
path = "crates/zio-qualify/src/benchmark/receipt_context.rs"
sha256 = "a3d68439673a7fadec5490d4e3fcee66af0a5206d65c6ea38d9b80f55bceb757"

[[gate.input]]
path = "crates/zio-qualify/src/benchmark/receipt_data.rs"
sha256 = "722cffb0160493c307fd20eff980b4e6f6f00fe7f15b73509ec3d8bc86658d6f"

[[gate.input]]
path = "crates/zio-qualify/src/benchmark/receipt_resources.rs"
sha256 = "ab7b323df094387439238fc0e90ab42b45d9b075311792e1874d7745accc7eba"

[[gate.input]]
path = "crates/zio-qualify/src/benchmark/receipt_test.rs"
sha256 = "fd6a638ab1e7745ed891767ef4cdb5c6422dcca3b51665c1a4c858b380295022"

[[gate.input]]
path = "crates/zio-qualify/src/benchmark/record.rs"
sha256 = "93d1897e23f9438c8c19b79967a704909d48b48ea16696908b210e7c2510ccd8"

[[gate.input]]
path = "crates/zio-qualify/src/benchmark/resource_limit.rs"
sha256 = "080c71016ecbae3f1eb2fe81e87314a8a645642ab33ec21a706c4e1750c873b2"

[[gate.input]]
path = "crates/zio-qualify/src/benchmark/resource_limit_test.rs"
sha256 = "8a3bed2ffc7868cf1585f9a42c5272e0cc39c140067c21c082481d155fa59a9d"

[[gate.input]]
path = "crates/zio-qualify/src/benchmark/resource_measure.rs"
sha256 = "72120405497e79c0cddd9722353c473de4e99a31e9ade402030b76d1fb95d6e5"

[[gate.input]]
path = "crates/zio-qualify/src/benchmark/runner.rs"
sha256 = "a63251c2a3b0c2a04bc59c37280edfd1cd82eea7b3dc65f3c3424495b1f36716"

[[gate.input]]
path = "crates/zio-qualify/src/benchmark/runner_prepare.rs"
sha256 = "127fef6743d544a40ae173335988b83bce8e12921633e5793d85e43dc86f55ef"

[[gate.input]]
path = "crates/zio-qualify/src/benchmark/runner_support.rs"
sha256 = "ed256eb3a4aaaf617c3a3e9d8636e1a75ebcc5c7e5cc0bd501e2c2f615df4cfd"

[[gate.input]]
path = "crates/zio-qualify/src/benchmark/runner_test.rs"
sha256 = "fe969a1481b8e13310db195370f0faa53368e66223c31a3313e49b3c2b2ff8ec"

[[gate.input]]
path = "crates/zio-qualify/src/benchmark/scenario.rs"
sha256 = "d764c9c5dd116e59368d0eb4ae7b295f3fe19bad7be506bb79f423f99032432a"

[[gate.input]]
path = "crates/zio-qualify/src/benchmark/scenario_metadata.rs"
sha256 = "095c9678de99c5af54666dd51101adeebc76adba05a580e980323c8d3421e4e9"

[[gate.input]]
path = "crates/zio-qualify/src/benchmark/scenario_test.rs"
sha256 = "3ac7f82ff8d2c1cac7c1f874ae5a526167902e7d8e970beabb0312c8715281be"

[[gate.input]]
path = "crates/zio-qualify/src/benchmark/segment_measure.rs"
sha256 = "80768f60c8d0551e7902815787e376e8a864a501b16a2df0019ab263b6e5b612"

[[gate.input]]
path = "crates/zio-qualify/src/benchmark/wake_workload.rs"
sha256 = "3cdfcd0820e0aa8c1c78d51be91dbb87557e53af09dc63b59e45a739546f363a"

[[gate.input]]
path = "crates/zio-qualify/src/benchmark/workload.rs"
sha256 = "236989ff4eb38e50951ebd009480feb2bd3ff2baaf0db1e4432b2a2ca1fc207c"

[[gate.input]]
path = "crates/zio-qualify/src/benchmark/zio_backend.rs"
sha256 = "58ef25ccea8904cfc7f803066d2d7ef7a81ef30212f788022d3aa1f823b63888"

[[gate.input]]
path = "crates/zio-qualify/src/benchmark/zio_borrowed_backend.rs"
sha256 = "19ed9958b037a5dc4f9da4b251d57b8d753918c57302dda86c3b8c3261cdf796"

[[gate.input]]
path = "crates/zio-qualify/src/benchmark/zio_borrowed_backend_test.rs"
sha256 = "a4fa4f5f3dfab48b3a8445b1e3cabaff58685f7c89c8839404c9391a2db6e2b5"

[[gate.input]]
path = "crates/zio-qualify/src/bin/zio-kqueue-skew.rs"
sha256 = "50918b44e51ff0ba059165d9780239f686ec256da64028348d002c15fe8a9c2e"

[[gate.input]]
path = "crates/zio-qualify/src/bin/zio-perf-alloc.rs"
sha256 = "09165c9424104d4c93bf2cf94b0ca17d5992ed7d1ab591582fcd1fd9b91d884d"

[[gate.input]]
path = "crates/zio-qualify/src/bin/zio-perf.rs"
sha256 = "95284dfd133dce8c0eb0b95fb79194ca2413eee7f607f3de5b92a216c8d9905d"

[[gate.input]]
path = "crates/zio-qualify/src/lib.rs"
sha256 = "771b0f229095c2b8ac766a035f98d23627facfe6ccd7e90c5a25632e733ca4d6"

[[gate.input]]
path = "crates/zio-qualify/src/model.rs"
sha256 = "032d48ec18ae48528ccb90aeeddd31c306cc195d74a299ab775c7153ce250cb7"

[[gate.input]]
path = "crates/zio-qualify/src/polling_registration.rs"
sha256 = "b385c70043b6f897e774dc3bfaa5da72da98f7cd3bf02e7c7de23c8838795cf0"

[[gate.input]]
path = "crates/zio-qualify/src/zio_borrowed_candidate.rs"
sha256 = "cde97dbd80fbaba3516e3e3d0d5430bddb6e41acd8fe431de3611bafffc5717f"

[[gate.input]]
path = "docs/performance.md"
sha256 = "31025978a59ae3461c8b6956dcd2c790ae44e56f5ae5a8e40d9955e57b3712b1"

[[gate.input]]
path = "rust-toolchain.toml"
sha256 = "279d77167cec5426fa80f457cd066dc74a360fbe4e2816f4f3fa01487a918fdc"

[[gate.input]]
path = "scripts/qualify-1.0"
sha256 = "53f5501d4b08637d3ccaab835b7b2bfa94232f4aaa4878d37dbabb31adeeae9b"

[[gate.input]]
path = "scripts/record-performance-qualification"
sha256 = "dc440b1c64b2a71da1dee34dcc8be1cddf84fb7ce5fdaf14275405f88b406231"

[[gate.input]]
path = "src/observe.rs"
sha256 = "65b31f2508334b359ec8b985f82c998fd5561df5e5918a2aefc5cdc5af3f1aec"

[[gate.input]]
path = "src/poll.rs"
sha256 = "8437e73dcb779b8b75cf8e6c189cb3330f050bc12624ecc3d8913298a8f1da37"

[[gate.input]]
path = "src/test_support/mod.rs"
sha256 = "731ed97347e2984afba40d1a40ff60148954190fc2286fd33718a3ba5ea9689e"

[[gate.input]]
path = "src/test_support/wait_metrics.rs"
sha256 = "19deda43faf4107371969677a3a6aaa5f766d41ec346c6943096b07239e979b6"

[[gate]]
name = "release"
path = ".github/workflows/release-rehearsal.yml"
sha256 = "48a6da6d840d8c6e32e4426fe07eef85823bd0c26676a41e3ba287e5afdc9ac6"

[[gate.input]]
path = "CHANGELOG.md"
sha256 = "1cac86078911a0195d23cc9c49c7830b0d9d81a27c6725f5dc4a68c0ce95eb98"

[[gate.input]]
path = "CONTRIBUTING.md"
sha256 = "fa6b23d43ed55a8304b9fc0497eb007b86ef6d3be281fd65298e9c3a67bed2c7"

[[gate.input]]
path = "Cargo.lock"
sha256 = "c57d02582afe8069129844f4f07aa867b3a1a9391d77b4be4e5ca0013a6d1687"

[[gate.input]]
path = "Cargo.toml"
sha256 = "74f9580d81038835fbbb26d16f4d6310861a991368985c37873c2dcd5da3f6bf"

[[gate.input]]
path = "LICENSE"
sha256 = "c71d239df91726fc519c6eb72d318ec65820627232b2f796219e87dcf35d0ab4"

[[gate.input]]
path = "README.md"
sha256 = "b0007d4eb4e796987c090f61e1ee38548c7ea0b3f53fef4459c213a6d88f1294"

[[gate.input]]
path = "SECURITY.md"
sha256 = "de6c81f15f5acf18efc4b6b0ce9567048d05a0e2948e6faa0090d2b43af5bda8"

[[gate.input]]
path = "docs/contracts.md"
sha256 = "e7cb19961a471102e86f9f17c82d836c0f1c644c7cab2b7a51e7e9ea6ab0a721"

[[gate.input]]
path = "docs/performance.md"
sha256 = "31025978a59ae3461c8b6956dcd2c790ae44e56f5ae5a8e40d9955e57b3712b1"

[[gate.input]]
path = "docs/qualification.md"
sha256 = "3214f65cfbb3aae0249420031e40db559eb840732a9a1251f56070987a03248c"

[[gate.input]]
path = "examples/borrowed.md"
sha256 = "200a1235e2bd6fe211366c95705baf5983f71d4dcdee62064b39f224928b669c"

[[gate.input]]
path = "examples/level.rs"
sha256 = "0e3d965fd68552335ae2922af0320f9e11f2f269bd0bef4e3bb9b69b2d874437"

[[gate.input]]
path = "examples/nested.md"
sha256 = "33e246c81f3e5a2cd9b90837a2be5920630d076a1f72151aa5e1b2f27ccb16d0"

[[gate.input]]
path = "examples/one_shot.rs"
sha256 = "e665117737e7df8b7373ea55d5ea9140779369d88ab8953e2204790b01eeb7c2"

[[gate.input]]
path = "examples/owned.rs"
sha256 = "35ede2dcd71296cf317de82d1a05813f90e924867cca0d453251e64ecaf10d9f"

[[gate.input]]
path = "examples/recovery.rs"
sha256 = "90181b7fb3e1a943086206317de6d1c8a821efa738b3342150b1fd76de7cac71"

[[gate.input]]
path = "rust-toolchain.toml"
sha256 = "279d77167cec5426fa80f457cd066dc74a360fbe4e2816f4f3fa01487a918fdc"

[[gate.input]]
path = "scripts/check-api-evolution"
sha256 = "2fea40c694da2904de16646c614323c1d11795a5c50f784ff8cd76eba3992d3c"

[[gate.input]]
path = "scripts/qualify-1.0"
sha256 = "53f5501d4b08637d3ccaab835b7b2bfa94232f4aaa4878d37dbabb31adeeae9b"

[[gate.input]]
path = "scripts/rehearse-release"
sha256 = "6b2b19f858bbc10a66d17fbeb127df73e172ede2652719e2939a3974ce1349fa"

[[gate.input]]
path = "zcheck.toml"
sha256 = "55f88080217154367c8361b296354b709ac49c9ef48e7858fb6f329c5ad967cf"

[[gate.input]]
path = "zio-logo.svg"
sha256 = "047ed32cff451b7a58ffc5ee6b8548a0ac8e4d35399cb537f11e8f7a3e8faccb"

[[ratchet]]
rule = "rust.file-size"
target = "src/sys/linux_group/epoll.rs"
value = 261

[[ratchet]]
rule = "rust.hygiene.unsafe"
target = "crates/zio-qualify/src/benchmark/zio_borrowed_backend.rs"
value = 1

[[ratchet]]
rule = "rust.hygiene.unsafe"
target = "crates/zio-qualify/src/polling_registration.rs"
value = 1

[[ratchet]]
rule = "rust.hygiene.unsafe"
target = "crates/zio-qualify/src/zio_borrowed_candidate.rs"
value = 1

[[ratchet]]
rule = "rust.hygiene.unsafe"
target = "src/descriptor.rs"
value = 4

[[ratchet]]
rule = "rust.hygiene.unsafe"
target = "src/mutation/register_session.rs"
value = 2

[[ratchet]]
rule = "rust.hygiene.unsafe"
target = "src/registration_borrowed.rs"
value = 2

[[ratchet]]
rule = "rust.hygiene.unsafe"
target = "src/sys/kqueue_group/kqueue.rs"
value = 7

[[ratchet]]
rule = "rust.hygiene.unsafe"
target = "src/sys/linux_group/epoll.rs"
value = 6

[[ratchet]]
rule = "rust.hygiene.unsafe"
target = "src/sys/linux_group/eventfd.rs"
value = 4

[[ratchet]]
rule = "rust.hygiene.unsafe"
target = "src/test_support/poll.rs"
value = 2
